
Microsoft Visual Studio Solution File, Format Version 12.00
# Visual Studio Version 17
VisualStudioVersion = 17.11.35327.3
MinimumVisualStudioVersion = 10.0.40219.1
Project("{8BC9CEB8-8B4A-11D0-8D11-00A0C91BC942}") = "20250410C++", "20250410C++\20250410C++.vcxproj", "{4883DCBE-3018-4103-A368-A072CE859FDB}"
EndProject
Global
	GlobalSection(SolutionConfigurationPlatforms) = preSolution
		Debug|x64 = Debug|x64
		Debug|x86 = Debug|x86
		Release|x64 = Release|x64
		Release|x86 = Release|x86
	EndGlobalSection
	GlobalSection(ProjectConfigurationPlatforms) = postSolution
		{4883DCBE-3018-4103-A368-A072CE859FDB}.Debug|x64.ActiveCfg = Debug|x64
		{4883DCBE-3018-4103-A368-A072CE859FDB}.Debug|x64.Build.0 = Debug|x64
		{4883DCBE-3018-4103-A368-A072CE859FDB}.Debug|x86.ActiveCfg = Debug|Win32
		{4883DCBE-3018-4103-A368-A072CE859FDB}.Debug|x86.Build.0 = Debug|Win32
		{4883DCBE-3018-4103-A368-A072CE859FDB}.Release|x64.ActiveCfg = Release|x64
		{4883DCBE-3018-4103-A368-A072CE859FDB}.Release|x64.Build.0 = Release|x64
		{4883DCBE-3018-4103-A368-A072CE859FDB}.Release|x86.ActiveCfg = Release|Win32
		{4883DCBE-3018-4103-A368-A072CE859FDB}.Release|x86.Build.0 = Release|Win32
	EndGlobalSection
	GlobalSection(SolutionProperties) = preSolution
		HideSolutionNode = FALSE
	EndGlobalSection
	GlobalSection(ExtensibilityGlobals) = postSolution
		SolutionGuid = {2F40572A-D05A-488C-91E2-13E1A88422DE}
	EndGlobalSection
EndGlobal
